// !$*UTF8*$!
{
	archiveVersion = 1;
	classes = {
	};
	objectVersion = 77;
	objects = {

/* Begin PBXContainerItemProxy section */
		A10000000000000000000049 /* PBXContainerItemProxy */ = {
			isa = PBXContainerItemProxy;
			containerPortal = A10000000000000000000060 /* Project object */;
			proxyType = 1;
			remoteGlobalIDString = A10000000000000000000040;
			remoteInfo = SillyAstroCamera;
		};
/* End PBXContainerItemProxy section */

/* Begin PBXFileReference section */
		A10000000000000000000030 /* SillyAstroCamera.app */ = {isa = PBXFileReference; explicitFileType = wrapper.application; includeInIndex = 0; path = SillyAstroCamera.app; sourceTree = BUILT_PRODUCTS_DIR; };
		A10000000000000000000031 /* SillyAstroCameraTests.xctest */ = {isa = PBXFileReference; explicitFileType = wrapper.cfbundle; includeInIndex = 0; path = SillyAstroCameraTests.xctest; sourceTree = BUILT_PRODUCTS_DIR; };
/* End PBXFileReference section */

/* Begin PBXFileSystemSynchronizedRootGroup section */
		A10000000000000000000001 /* SillyAstroCamera */ = {
			isa = PBXFileSystemSynchronizedRootGroup;
			path = SillyAstroCamera;
			sourceTree = "<group>";
		};
		A10000000000000000000002 /* SillyAstroCameraTests */ = {
			isa = PBXFileSystemSynchronizedRootGroup;
			path = SillyAstroCameraTests;
			sourceTree = "<group>";
		};
/* End PBXFileSystemSynchronizedRootGroup section */

/* Begin PBXFrameworksBuildPhase section */
		A10000000000000000000010 /* Frameworks */ = {
			isa = PBXFrameworksBuildPhase;
			buildActionMask = 2147483647;
			files = (
			);
			runOnlyForDeploymentPostprocessing = 0;
		};
		A10000000000000000000047 /* Frameworks */ = {
			isa = PBXFrameworksBuildPhase;
			buildActionMask = 2147483647;
			files = (
			);
			runOnlyForDeploymentPostprocessing = 0;
		};
/* End PBXFrameworksBuildPhase section */

/* Begin PBXGroup section */
		A10000000000000000000020 = {
			isa = PBXGroup;
			children = (
				A10000000000000000000001 /* SillyAstroCamera */,
				A10000000000000000000002 /* SillyAstroCameraTests */,
				A10000000000000000000021 /* Products */,
			);
			sourceTree = "<group>";
		};
		A10000000000000000000021 /* Products */ = {
			isa = PBXGroup;
			children = (
				A10000000000000000000030 /* SillyAstroCamera.app */,
				A10000000000000000000031 /* SillyAstroCameraTests.xctest */,
			);
			name = Products;
			sourceTree = "<group>";
		};
/* End PBXGroup section */

/* Begin PBXNativeTarget section */
		A10000000000000000000040 /* SillyAstroCamera */ = {
			isa = PBXNativeTarget;
			buildConfigurationList = A10000000000000000000050 /* Build configuration list for PBXNativeTarget "SillyAstroCamera" */;
			buildPhases = (
				A10000000000000000000041 /* Sources */,
				A10000000000000000000010 /* Frameworks */,
				A10000000000000000000042 /* Resources */,
			);
			buildRules = (
			);
			dependencies = (
			);
			fileSystemSynchronizedGroups = (
				A10000000000000000000001 /* SillyAstroCamera */,
			);
			name = SillyAstroCamera;
			productName = SillyAstroCamera;
			productReference = A10000000000000000000030 /* SillyAstroCamera.app */;
			productType = "com.apple.product-type.application";
		};
		A10000000000000000000045 /* SillyAstroCameraTests */ = {
			isa = PBXNativeTarget;
			buildConfigurationList = A10000000000000000000051 /* Build configuration list for PBXNativeTarget "SillyAstroCameraTests" */;
			buildPhases = (
				A10000000000000000000046 /* Sources */,
				A10000000000000000000047 /* Frameworks */,
				A10000000000000000000048 /* Resources */,
			);
			buildRules = (
			);
			dependencies = (
				A1000000000000000000004A /* PBXTargetDependency */,
			);
			fileSystemSynchronizedGroups = (
				A10000000000000000000002 /* SillyAstroCameraTests */,
			);
			name = SillyAstroCameraTests;
			productName = SillyAstroCameraTests;
			productReference = A10000000000000000000031 /* SillyAstroCameraTests.xctest */;
			productType = "com.apple.product-type.bundle.unit-test";
		};
/* End PBXNativeTarget section */

/* Begin PBXProject section */
		A10000000000000000000060 /* Project object */ = {
			isa = PBXProject;
			attributes = {
				BuildIndependentTargetsInParallel = 1;
				LastSwiftUpdateCheck = 2700;
				LastUpgradeCheck = 2700;
				TargetAttributes = {
					A10000000000000000000045 = {
						TestTargetID = A10000000000000000000040;
					};
				};
			};
			buildConfigurationList = A10000000000000000000061 /* Build configuration list for PBXProject "SillyAstroCamera" */;
			developmentRegion = "zh-Hans";
			hasScannedForEncodings = 0;
			knownRegions = (
				en,
				Base,
				"zh-Hans",
			);
			mainGroup = A10000000000000000000020;
			minimizedProjectReferenceProxies = 1;
			preferredProjectObjectVersion = 77;
			productRefGroup = A10000000000000000000021 /* Products */;
			projectDirPath = "";
			projectRoot = "";
			targets = (
				A10000000000000000000040 /* SillyAstroCamera */,
				A10000000000000000000045 /* SillyAstroCameraTests */,
			);
		};
/* End PBXProject section */

/* Begin PBXResourcesBuildPhase section */
		A10000000000000000000042 /* Resources */ = {
			isa = PBXResourcesBuildPhase;
			buildActionMask = 2147483647;
			files = (
			);
			runOnlyForDeploymentPostprocessing = 0;
		};
		A10000000000000000000048 /* Resources */ = {
			isa = PBXResourcesBuildPhase;
			buildActionMask = 2147483647;
			files = (
			);
			runOnlyForDeploymentPostprocessing = 0;
		};
/* End PBXResourcesBuildPhase section */

/* Begin PBXSourcesBuildPhase section */
		A10000000000000000000041 /* Sources */ = {
			isa = PBXSourcesBuildPhase;
			buildActionMask = 2147483647;
			files = (
			);
			runOnlyForDeploymentPostprocessing = 0;
		};
		A10000000000000000000046 /* Sources */ = {
			isa = PBXSourcesBuildPhase;
			buildActionMask = 2147483647;
			files = (
			);
			runOnlyForDeploymentPostprocessing = 0;
		};
/* End PBXSourcesBuildPhase section */

/* Begin PBXTargetDependency section */
		A1000000000000000000004A /* PBXTargetDependency */ = {
			isa = PBXTargetDependency;
			target = A10000000000000000000040 /* SillyAstroCamera */;
			targetProxy = A10000000000000000000049 /* PBXContainerItemProxy */;
		};
/* End PBXTargetDependency section */

/* Begin XCBuildConfiguration section */
		A10000000000000000000070 /* Debug */ = {
			isa = XCBuildConfiguration;
			buildSettings = {
				ALWAYS_SEARCH_USER_PATHS = NO;
				CLANG_ENABLE_MODULES = YES;
				COPY_PHASE_STRIP = NO;
				DEBUG_INFORMATION_FORMAT = dwarf;
				ENABLE_TESTABILITY = YES;
				GCC_DYNAMIC_NO_PIC = NO;
				IPHONEOS_DEPLOYMENT_TARGET = 26.0;
				ONLY_ACTIVE_ARCH = YES;
				SDKROOT = iphoneos;
				SWIFT_ACTIVE_COMPILATION_CONDITIONS = DEBUG;
				SWIFT_OPTIMIZATION_LEVEL = "-Onone";
				SWIFT_VERSION = 5.0;
			};
			name = Debug;
		};
		A10000000000000000000071 /* Release */ = {
			isa = XCBuildConfiguration;
			buildSettings = {
				ALWAYS_SEARCH_USER_PATHS = NO;
				CLANG_ENABLE_MODULES = YES;
				COPY_PHASE_STRIP = NO;
				DEBUG_INFORMATION_FORMAT = "dwarf-with-dsym";
				IPHONEOS_DEPLOYMENT_TARGET = 26.0;
				SDKROOT = iphoneos;
				SWIFT_COMPILATION_MODE = wholemodule;
				SWIFT_VERSION = 5.0;
				VALIDATE_PRODUCT = YES;
			};
			name = Release;
		};
		A10000000000000000000072 /* Debug */ = {
			isa = XCBuildConfiguration;
			buildSettings = {
				ASSETCATALOG_COMPILER_APPICON_NAME = AppIcon;
				ASSETCATALOG_COMPILER_GENERATE_SWIFT_ASSET_SYMBOL_EXTENSIONS = YES;
				CODE_SIGN_STYLE = Automatic;
				CURRENT_PROJECT_VERSION = 1;
				DEVELOPMENT_TEAM = HRDPYDWQ8M;
				ENABLE_PREVIEWS = YES;
				GENERATE_INFOPLIST_FILE = YES;
				INFOPLIST_KEY_NSCameraUsageDescription = "需要使用相机拍摄地平线景物，并在月亮的位置叠加上月面。";
				INFOPLIST_KEY_NSLocationWhenInUseUsageDescription = "需要定位来计算月亮的方位和高度。";
				INFOPLIST_KEY_NSPhotoLibraryAddUsageDescription = "需要把叠上月亮的照片保存到相册。";
				INFOPLIST_KEY_UIApplicationSupportsIndirectInputEvents = YES;
				INFOPLIST_KEY_UILaunchScreen_Generation = YES;
				INFOPLIST_KEY_UIStatusBarHidden = YES;
				INFOPLIST_KEY_UISupportedInterfaceOrientations_iPhone = "UIInterfaceOrientationPortrait UIInterfaceOrientationLandscapeLeft UIInterfaceOrientationLandscapeRight";
				LD_RUNPATH_SEARCH_PATHS = (
					"$(inherited)",
					"@executable_path/Frameworks",
				);
				MARKETING_VERSION = 1.0;
				PRODUCT_BUNDLE_IDENTIFIER = com.sillyastro.camera;
				PRODUCT_NAME = "$(TARGET_NAME)";
				SUPPORTED_PLATFORMS = "iphoneos iphonesimulator";
				SUPPORTS_MACCATALYST = NO;
				SWIFT_EMIT_LOC_STRINGS = YES;
				TARGETED_DEVICE_FAMILY = 1;
			};
			name = Debug;
		};
		A10000000000000000000073 /* Release */ = {
			isa = XCBuildConfiguration;
			buildSettings = {
				ASSETCATALOG_COMPILER_APPICON_NAME = AppIcon;
				ASSETCATALOG_COMPILER_GENERATE_SWIFT_ASSET_SYMBOL_EXTENSIONS = YES;
				CODE_SIGN_STYLE = Automatic;
				CURRENT_PROJECT_VERSION = 1;
				DEVELOPMENT_TEAM = HRDPYDWQ8M;
				ENABLE_PREVIEWS = YES;
				GENERATE_INFOPLIST_FILE = YES;
				INFOPLIST_KEY_NSCameraUsageDescription = "需要使用相机拍摄地平线景物，并在月亮的位置叠加上月面。";
				INFOPLIST_KEY_NSLocationWhenInUseUsageDescription = "需要定位来计算月亮的方位和高度。";
				INFOPLIST_KEY_NSPhotoLibraryAddUsageDescription = "需要把叠上月亮的照片保存到相册。";
				INFOPLIST_KEY_UIApplicationSupportsIndirectInputEvents = YES;
				INFOPLIST_KEY_UILaunchScreen_Generation = YES;
				INFOPLIST_KEY_UIStatusBarHidden = YES;
				INFOPLIST_KEY_UISupportedInterfaceOrientations_iPhone = "UIInterfaceOrientationPortrait UIInterfaceOrientationLandscapeLeft UIInterfaceOrientationLandscapeRight";
				LD_RUNPATH_SEARCH_PATHS = (
					"$(inherited)",
					"@executable_path/Frameworks",
				);
				MARKETING_VERSION = 1.0;
				PRODUCT_BUNDLE_IDENTIFIER = com.sillyastro.camera;
				PRODUCT_NAME = "$(TARGET_NAME)";
				SUPPORTED_PLATFORMS = "iphoneos iphonesimulator";
				SUPPORTS_MACCATALYST = NO;
				SWIFT_EMIT_LOC_STRINGS = YES;
				TARGETED_DEVICE_FAMILY = 1;
			};
			name = Release;
		};
		A10000000000000000000074 /* Debug */ = {
			isa = XCBuildConfiguration;
			buildSettings = {
				BUNDLE_LOADER = "$(TEST_HOST)";
				CODE_SIGN_STYLE = Automatic;
				CURRENT_PROJECT_VERSION = 1;
				GENERATE_INFOPLIST_FILE = YES;
				IPHONEOS_DEPLOYMENT_TARGET = 26.0;
				MARKETING_VERSION = 1.0;
				PRODUCT_BUNDLE_IDENTIFIER = com.sillyastro.camera.tests;
				PRODUCT_NAME = "$(TARGET_NAME)";
				SDKROOT = iphoneos;
				SUPPORTED_PLATFORMS = "iphoneos iphonesimulator";
				TARGETED_DEVICE_FAMILY = 1;
				TEST_HOST = "$(BUILT_PRODUCTS_DIR)/SillyAstroCamera.app/$(BUNDLE_EXECUTABLE_FOLDER_PATH)/SillyAstroCamera";
			};
			name = Debug;
		};
		A10000000000000000000075 /* Release */ = {
			isa = XCBuildConfiguration;
			buildSettings = {
				BUNDLE_LOADER = "$(TEST_HOST)";
				CODE_SIGN_STYLE = Automatic;
				CURRENT_PROJECT_VERSION = 1;
				GENERATE_INFOPLIST_FILE = YES;
				IPHONEOS_DEPLOYMENT_TARGET = 26.0;
				MARKETING_VERSION = 1.0;
				PRODUCT_BUNDLE_IDENTIFIER = com.sillyastro.camera.tests;
				PRODUCT_NAME = "$(TARGET_NAME)";
				SDKROOT = iphoneos;
				SUPPORTED_PLATFORMS = "iphoneos iphonesimulator";
				TARGETED_DEVICE_FAMILY = 1;
				TEST_HOST = "$(BUILT_PRODUCTS_DIR)/SillyAstroCamera.app/$(BUNDLE_EXECUTABLE_FOLDER_PATH)/SillyAstroCamera";
			};
			name = Release;
		};
/* End XCBuildConfiguration section */

/* Begin XCConfigurationList section */
		A10000000000000000000050 /* Build configuration list for PBXNativeTarget "SillyAstroCamera" */ = {
			isa = XCConfigurationList;
			buildConfigurations = (
				A10000000000000000000072 /* Debug */,
				A10000000000000000000073 /* Release */,
			);
			defaultConfigurationIsVisible = 0;
			defaultConfigurationName = Release;
		};
		A10000000000000000000051 /* Build configuration list for PBXNativeTarget "SillyAstroCameraTests" */ = {
			isa = XCConfigurationList;
			buildConfigurations = (
				A10000000000000000000074 /* Debug */,
				A10000000000000000000075 /* Release */,
			);
			defaultConfigurationIsVisible = 0;
			defaultConfigurationName = Release;
		};
		A10000000000000000000061 /* Build configuration list for PBXProject "SillyAstroCamera" */ = {
			isa = XCConfigurationList;
			buildConfigurations = (
				A10000000000000000000070 /* Debug */,
				A10000000000000000000071 /* Release */,
			);
			defaultConfigurationIsVisible = 0;
			defaultConfigurationName = Release;
		};
/* End XCConfigurationList section */
	};
	rootObject = A10000000000000000000060 /* Project object */;
}
